# This file was autogenerated by Stack.
# You should not edit this file by hand.
# For more information, please see the documentation at:
#   https://docs.haskellstack.org/en/stable/lock_files

packages:
- completed:
    hackage: hasql-th-0.4.0.9@sha256:56515d8d08d4c68e36899a46624ecd1505608cf6b4c24b5c33aee54bc76e6275,2245
    pantry-tree:
      sha256: 0c895bf03caf2c77e8a314bcd08dae41fe0eaadbcaf9ce92de9b1538067f3347
      size: 864
  original:
    hackage: hasql-th-0.4.0.9@sha256:56515d8d08d4c68e36899a46624ecd1505608cf6b4c24b5c33aee54bc76e6275,2245
- completed:
    hackage: postgresql-syntax-0.4@sha256:df8b65a33f4088eddad25cedbec814e5f34f8e8ae55065139b73bd6da0d66f21,4176
    pantry-tree:
      sha256: 1942e3259b02a2546bf1fc6fe7f956cbcce724f29c3feea8698ab90a465e499a
      size: 1227
  original:
    hackage: postgresql-syntax-0.4@sha256:df8b65a33f4088eddad25cedbec814e5f34f8e8ae55065139b73bd6da0d66f21,4176
- completed:
    hackage: headed-megaparsec-0.2.0.1@sha256:4bb2f1e68d2972e6b40ede202708c81b2e2fe83c454e439f27f47d1fdf7c8697,1571
    pantry-tree:
      sha256: 9c5bb405d2b708e128b1206b09f86aeed9b9a6689c6391e66d39dcfa0924638d
      size: 383
  original:
    hackage: headed-megaparsec-0.2.0.1@sha256:4bb2f1e68d2972e6b40ede202708c81b2e2fe83c454e439f27f47d1fdf7c8697,1571
snapshots:
- completed:
    sha256: 06d844ba51e49907bd29cb58b4a5f86ee7587a4cd7e6cf395eeec16cba619ce8
    size: 587821
    url: https://raw.githubusercontent.com/commercialhaskell/stackage-snapshots/master/lts/18/24.yaml
  original:
    url: https://raw.githubusercontent.com/commercialhaskell/stackage-snapshots/master/lts/18/24.yaml
